PODS:
  - Capacitor (3.2.2):
    - CapacitorCordova
  - CapacitorApp (1.0.2):
    - Capacitor
  - CapacitorCordova (3.2.2)
  - CapacitorDialog (1.0.0):
    - Capacitor
  - CapacitorGeolocation (1.0.0):
    - Capacitor

DEPENDENCIES:
  - "Capacitor (from `../../node_modules/@capacitor/ios`)"
  - "CapacitorApp (from `../../node_modules/@capacitor/app`)"
  - "CapacitorCordova (from `../../node_modules/@capacitor/ios`)"
  - "CapacitorDialog (from `../../node_modules/@capacitor/dialog`)"
  - "CapacitorGeolocation (from `../../node_modules/@capacitor/geolocation`)"

EXTERNAL SOURCES:
  Capacitor:
    :path: "../../node_modules/@capacitor/ios"
  CapacitorApp:
    :path: "../../node_modules/@capacitor/app"
  CapacitorCordova:
    :path: "../../node_modules/@capacitor/ios"
  CapacitorDialog:
    :path: "../../node_modules/@capacitor/dialog"
  CapacitorGeolocation:
    :path: "../../node_modules/@capacitor/geolocation"

SPEC CHECKSUMS:
  Capacitor: aa4514ca225c6818f269d5c5d4d010d6eddddde7
  CapacitorApp: 5304b36f52350ceede0d0c3355def71d9516e704
  CapacitorCordova: bdb13b0c6c1d51f5a421a59b78222b24e852d826
  CapacitorDialog: 6c09d40ad2ea1b8de5b949c507026e46a167625b
  CapacitorGeolocation: f2156f3f52ed61eddc091ea7ce4564505aacc8df

PODFILE CHECKSUM: 804a060646ff38d8f04f8280622817aac964dab0

COCOAPODS: 1.10.2
